
Microsoft Visual Studio Solution File, Format Version 12.00
# Visual Studio Version 17
VisualStudioVersion = 17.14.36429.23
MinimumVisualStudioVersion = 10.0.40219.1
Project("{2150E333-8FDC-42A3-9474-1A3956D46DE8}") = "src", "src", "{02EA681E-C7D8-13C7-8484-4AC65E1B71E8}"
EndProject
Project("{FAE04EC0-301F-11D3-BF4B-00C04F79EFBC}") = "Domain", "Domain\Domain.csproj", "{9FD04A90-FBBD-41DD-82E6-FE0E098853DF}"
EndProject
Project("{FAE04EC0-301F-11D3-BF4B-00C04F79EFBC}") = "Application", "Application\Application.csproj", "{D0BCF1BF-CFCA-4433-969A-501AAF38012D}"
EndProject
Project("{FAE04EC0-301F-11D3-BF4B-00C04F79EFBC}") = "Infrastructure", "Infrastructure\Infrastructure.csproj", "{7D5B20A3-5E69-47AD-BE15-19A9259CB4F7}"
EndProject
Project("{FAE04EC0-301F-11D3-BF4B-00C04F79EFBC}") = "API", "API\API.csproj", "{7E4440D7-06A7-4F05-A63D-9A6733233899}"
EndProject
Project("{2150E333-8FDC-42A3-9474-1A3956D46DE8}") = "Tests", "Tests", "{0AB3BF05-4346-4AA6-1389-037BE0695223}"
EndProject
Project("{FAE04EC0-301F-11D3-BF4B-00C04F79EFBC}") = "API.Tests", "Tests\API.Tests\API.Tests.csproj", "{D5802573-2878-4F03-B3B0-28E0BC02F46C}"
EndProject
Global
	GlobalSection(SolutionConfigurationPlatforms) = preSolution
		Debug|Any CPU = Debug|Any CPU
		Release|Any CPU = Release|Any CPU
	EndGlobalSection
	GlobalSection(ProjectConfigurationPlatforms) = postSolution
		{9FD04A90-FBBD-41DD-82E6-FE0E098853DF}.Debug|Any CPU.ActiveCfg = Debug|Any CPU
		{9FD04A90-FBBD-41DD-82E6-FE0E098853DF}.Debug|Any CPU.Build.0 = Debug|Any CPU
		{9FD04A90-FBBD-41DD-82E6-FE0E098853DF}.Release|Any CPU.ActiveCfg = Release|Any CPU
		{9FD04A90-FBBD-41DD-82E6-FE0E098853DF}.Release|Any CPU.Build.0 = Release|Any CPU
		{D0BCF1BF-CFCA-4433-969A-501AAF38012D}.Debug|Any CPU.ActiveCfg = Debug|Any CPU
		{D0BCF1BF-CFCA-4433-969A-501AAF38012D}.Debug|Any CPU.Build.0 = Debug|Any CPU
		{D0BCF1BF-CFCA-4433-969A-501AAF38012D}.Release|Any CPU.ActiveCfg = Release|Any CPU
		{D0BCF1BF-CFCA-4433-969A-501AAF38012D}.Release|Any CPU.Build.0 = Release|Any CPU
		{7D5B20A3-5E69-47AD-BE15-19A9259CB4F7}.Debug|Any CPU.ActiveCfg = Debug|Any CPU
		{7D5B20A3-5E69-47AD-BE15-19A9259CB4F7}.Debug|Any CPU.Build.0 = Debug|Any CPU
		{7D5B20A3-5E69-47AD-BE15-19A9259CB4F7}.Release|Any CPU.ActiveCfg = Release|Any CPU
		{7D5B20A3-5E69-47AD-BE15-19A9259CB4F7}.Release|Any CPU.Build.0 = Release|Any CPU
		{7E4440D7-06A7-4F05-A63D-9A6733233899}.Debug|Any CPU.ActiveCfg = Debug|Any CPU
		{7E4440D7-06A7-4F05-A63D-9A6733233899}.Debug|Any CPU.Build.0 = Debug|Any CPU
		{7E4440D7-06A7-4F05-A63D-9A6733233899}.Release|Any CPU.ActiveCfg = Release|Any CPU
		{7E4440D7-06A7-4F05-A63D-9A6733233899}.Release|Any CPU.Build.0 = Release|Any CPU
		{D5802573-2878-4F03-B3B0-28E0BC02F46C}.Debug|Any CPU.ActiveCfg = Debug|Any CPU
		{D5802573-2878-4F03-B3B0-28E0BC02F46C}.Debug|Any CPU.Build.0 = Debug|Any CPU
		{D5802573-2878-4F03-B3B0-28E0BC02F46C}.Release|Any CPU.ActiveCfg = Release|Any CPU
		{D5802573-2878-4F03-B3B0-28E0BC02F46C}.Release|Any CPU.Build.0 = Release|Any CPU
	EndGlobalSection
	GlobalSection(SolutionProperties) = preSolution
		HideSolutionNode = FALSE
	EndGlobalSection
	GlobalSection(NestedProjects) = preSolution
		{9FD04A90-FBBD-41DD-82E6-FE0E098853DF} = {02EA681E-C7D8-13C7-8484-4AC65E1B71E8}
		{D0BCF1BF-CFCA-4433-969A-501AAF38012D} = {02EA681E-C7D8-13C7-8484-4AC65E1B71E8}
		{7D5B20A3-5E69-47AD-BE15-19A9259CB4F7} = {02EA681E-C7D8-13C7-8484-4AC65E1B71E8}
		{7E4440D7-06A7-4F05-A63D-9A6733233899} = {02EA681E-C7D8-13C7-8484-4AC65E1B71E8}
		{D5802573-2878-4F03-B3B0-28E0BC02F46C} = {0AB3BF05-4346-4AA6-1389-037BE0695223}
	EndGlobalSection
	GlobalSection(ExtensibilityGlobals) = postSolution
		SolutionGuid = {9DCDA9C7-25C5-42DF-AE33-87DCDCB2F1F6}
	EndGlobalSection
EndGlobal
